
Microsoft Visual Studio Solution File, Format Version 12.00
# Visual Studio 14
VisualStudioVersion = 14.0.25420.1
MinimumVisualStudioVersion = 10.0.40219.1
Project("{FAE04EC0-301F-11D3-BF4B-00C04F79EFBC}") = "CFO", "CFO\CFO.csproj", "{87BC631D-08B8-4583-B4A0-D390EFC3C09E}"
EndProject
Project("{FAE04EC0-301F-11D3-BF4B-00C04F79EFBC}") = "CFOTests", "CFOTests\CFOTests.csproj", "{22B0B4CA-7D4D-4754-8299-A35FCBE606F1}"
EndProject
Global
	GlobalSection(SolutionConfigurationPlatforms) = preSolution
		Debug|Any CPU = Debug|Any CPU
		Release|Any CPU = Release|Any CPU
	EndGlobalSection
	GlobalSection(ProjectConfigurationPlatforms) = postSolution
		{87BC631D-08B8-4583-B4A0-D390EFC3C09E}.Debug|Any CPU.ActiveCfg = Debug|Any CPU
		{87BC631D-08B8-4583-B4A0-D390EFC3C09E}.Debug|Any CPU.Build.0 = Debug|Any CPU
		{87BC631D-08B8-4583-B4A0-D390EFC3C09E}.Release|Any CPU.ActiveCfg = Release|Any CPU
		{87BC631D-08B8-4583-B4A0-D390EFC3C09E}.Release|Any CPU.Build.0 = Release|Any CPU
		{22B0B4CA-7D4D-4754-8299-A35FCBE606F1}.Debug|Any CPU.ActiveCfg = Debug|Any CPU
		{22B0B4CA-7D4D-4754-8299-A35FCBE606F1}.Debug|Any CPU.Build.0 = Debug|Any CPU
		{22B0B4CA-7D4D-4754-8299-A35FCBE606F1}.Release|Any CPU.ActiveCfg = Release|Any CPU
		{22B0B4CA-7D4D-4754-8299-A35FCBE606F1}.Release|Any CPU.Build.0 = Release|Any CPU
	EndGlobalSection
	GlobalSection(SolutionProperties) = preSolution
		HideSolutionNode = FALSE
	EndGlobalSection
EndGlobal
